
Microsoft Visual Studio Solution File, Format Version 12.00
# Visual Studio Version 17
VisualStudioVersion = 17.7.34031.279
MinimumVisualStudioVersion = 10.0.40219.1
Project("{9A19103F-16F7-4668-BE54-9A1E7A4F7556}") = "BlazorEcommerce.Server", "Server\BlazorEcommerce.Server.csproj", "{33EB27D2-CAC3-410A-A6E9-AABF66F32E2B}"
EndProject
Project("{9A19103F-16F7-4668-BE54-9A1E7A4F7556}") = "BlazorEcommerce.Client", "Client\BlazorEcommerce.Client.csproj", "{E8EBCA02-FFC0-4012-A3C0-689670322245}"
EndProject
Project("{9A19103F-16F7-4668-BE54-9A1E7A4F7556}") = "BlazorEcommerce.Shared", "Shared\BlazorEcommerce.Shared.csproj", "{CA3E30AA-F8F8-4CBA-9906-5B75DABB96C6}"
EndProject
Global
	GlobalSection(SolutionConfigurationPlatforms) = preSolution
		Debug|Any CPU = Debug|Any CPU
		Release|Any CPU = Release|Any CPU
	EndGlobalSection
	GlobalSection(ProjectConfigurationPlatforms) = postSolution
		{33EB27D2-CAC3-410A-A6E9-AABF66F32E2B}.Debug|Any CPU.ActiveCfg = Debug|Any CPU
		{33EB27D2-CAC3-410A-A6E9-AABF66F32E2B}.Debug|Any CPU.Build.0 = Debug|Any CPU
		{33EB27D2-CAC3-410A-A6E9-AABF66F32E2B}.Release|Any CPU.ActiveCfg = Release|Any CPU
		{33EB27D2-CAC3-410A-A6E9-AABF66F32E2B}.Release|Any CPU.Build.0 = Release|Any CPU
		{E8EBCA02-FFC0-4012-A3C0-689670322245}.Debug|Any CPU.ActiveCfg = Debug|Any CPU
		{E8EBCA02-FFC0-4012-A3C0-689670322245}.Debug|Any CPU.Build.0 = Debug|Any CPU
		{E8EBCA02-FFC0-4012-A3C0-689670322245}.Release|Any CPU.ActiveCfg = Release|Any CPU
		{E8EBCA02-FFC0-4012-A3C0-689670322245}.Release|Any CPU.Build.0 = Release|Any CPU
		{CA3E30AA-F8F8-4CBA-9906-5B75DABB96C6}.Debug|Any CPU.ActiveCfg = Debug|Any CPU
		{CA3E30AA-F8F8-4CBA-9906-5B75DABB96C6}.Debug|Any CPU.Build.0 = Debug|Any CPU
		{CA3E30AA-F8F8-4CBA-9906-5B75DABB96C6}.Release|Any CPU.ActiveCfg = Release|Any CPU
		{CA3E30AA-F8F8-4CBA-9906-5B75DABB96C6}.Release|Any CPU.Build.0 = Release|Any CPU
	EndGlobalSection
	GlobalSection(SolutionProperties) = preSolution
		HideSolutionNode = FALSE
	EndGlobalSection
	GlobalSection(ExtensibilityGlobals) = postSolution
		SolutionGuid = {DC14C4B8-7A4E-43B9-8CC6-4057ADA3C030}
	EndGlobalSection
EndGlobal
